
Microsoft Visual Studio Solution File, Format Version 12.00
# Visual Studio Version 17
VisualStudioVersion = 17.4.33205.214
MinimumVisualStudioVersion = 10.0.40219.1
Project("{FAE04EC0-301F-11D3-BF4B-00C04F79EFBC}") = "SoleMates", "SoleMates\SoleMates.csproj", "{A269EEA4-6E2D-4436-82A0-ACA6318E7C2A}"
EndProject
Project("{2150E333-8FDC-42A3-9474-1A3956D46DE8}") = "Solution Items", "Solution Items", "{1C45ED23-9A53-4D17-AA5D-E45DF4095F44}"
	ProjectSection(SolutionItems) = preProject
		.gitattributes = .gitattributes
		.gitignore = .gitignore
		LICENSE.txt = LICENSE.txt
		README.md = README.md
	EndProjectSection
EndProject
Global
	GlobalSection(SolutionConfigurationPlatforms) = preSolution
		Debug|Any CPU = Debug|Any CPU
		Release|Any CPU = Release|Any CPU
	EndGlobalSection
	GlobalSection(ProjectConfigurationPlatforms) = postSolution
		{A269EEA4-6E2D-4436-82A0-ACA6318E7C2A}.Debug|Any CPU.ActiveCfg = Debug|Any CPU
		{A269EEA4-6E2D-4436-82A0-ACA6318E7C2A}.Debug|Any CPU.Build.0 = Debug|Any CPU
		{A269EEA4-6E2D-4436-82A0-ACA6318E7C2A}.Release|Any CPU.ActiveCfg = Release|Any CPU
		{A269EEA4-6E2D-4436-82A0-ACA6318E7C2A}.Release|Any CPU.Build.0 = Release|Any CPU
	EndGlobalSection
	GlobalSection(SolutionProperties) = preSolution
		HideSolutionNode = FALSE
	EndGlobalSection
	GlobalSection(ExtensibilityGlobals) = postSolution
		SolutionGuid = {79F92B02-6CA9-4688-844D-2C2DC2919C7D}
	EndGlobalSection
EndGlobal
